script_preamble: |
  export PATH="/scratch/users/${USER}/mechababs-work/campaign-base/bin:$PATH"
  source "{{MECHABABS_VENV}}/bin/activate"
  export PYTHONNOUSERSITE=1
  export OMP_NUM_THREADS=1
  export MKL_NUM_THREADS=1
  export JOB_TMP="${SLURM_TMPDIR:-/scratch/users/${USER}/sjob-tmp/${SLURM_ARRAY_JOB_ID}_${SLURM_ARRAY_TASK_ID}}"
  mkdir -p "${JOB_TMP}"
  trap 'rm -rf "${JOB_TMP}"' EXIT

job_compute_space: "/scratch/users/${USER}"
